// !$*UTF8*$!
{
	archiveVersion = 1;
	classes = {
	};
	objectVersion = 51;
	objects = {

/* Begin PBXBuildFile section */
		2846C07323F567FD00FCDD43 /* UIView+Extensions.swift in Sources */ = {isa = PBXBuildFile; fileRef = 2846C07223F567FD00FCDD43 /* UIView+Extensions.swift */; };
		28545A322418E3D4000A0B87 /* Disposable+DisposeWith.swift in Sources */ = {isa = PBXBuildFile; fileRef = 28545A312418E3D4000A0B87 /* Disposable+DisposeWith.swift */; };
		286E4E2A2361D8F400401C99 /* ForecastsService.swift in Sources */ = {isa = PBXBuildFile; fileRef = 286E4E292361D8F400401C99 /* ForecastsService.swift */; };
		286E4E2F2362F45400401C99 /* ManagedObjectType.swift in Sources */ = {isa = PBXBuildFile; fileRef = 286E4E2E2362F45400401C99 /* ManagedObjectType.swift */; };
		286E4E312362FAC800401C99 /* NSManagedObjectContext+Utils.swift in Sources */ = {isa = PBXBuildFile; fileRef = 286E4E302362FAC800401C99 /* NSManagedObjectContext+Utils.swift */; };
		286E4E3B23634BE600401C99 /* DemoViewController.swift in Sources */ = {isa = PBXBuildFile; fileRef = 286E4E3A23634BE600401C99 /* DemoViewController.swift */; };
		286E4E472367246B00401C99 /* CanvasPreview.swift in Sources */ = {isa = PBXBuildFile; fileRef = 286E4E462367246B00401C99 /* CanvasPreview.swift */; };
		286E4E4923672B3D00401C99 /* NSObject+LifetimeAttachments.swift in Sources */ = {isa = PBXBuildFile; fileRef = 286E4E4823672B3D00401C99 /* NSObject+LifetimeAttachments.swift */; };
		286E4E4D2368275D00401C99 /* DemoPresenter.swift in Sources */ = {isa = PBXBuildFile; fileRef = 286E4E4C2368275D00401C99 /* DemoPresenter.swift */; };
		286E4E572369855900401C99 /* DemoScreen.swift in Sources */ = {isa = PBXBuildFile; fileRef = 286E4E562369855900401C99 /* DemoScreen.swift */; };
		28B87FFC236B17C100C9A440 /* ForecastPreview.swift in Sources */ = {isa = PBXBuildFile; fileRef = 28B87FFB236B17C100C9A440 /* ForecastPreview.swift */; };
		28B88000236B32DD00C9A440 /* DateService.swift in Sources */ = {isa = PBXBuildFile; fileRef = 28B87FFF236B32DD00C9A440 /* DateService.swift */; };
		28B88002236C5C5B00C9A440 /* ForecastVerificationService.swift in Sources */ = {isa = PBXBuildFile; fileRef = 28B88001236C5C5B00C9A440 /* ForecastVerificationService.swift */; };
		32631F84235F096C0089A895 /* AppDelegate.swift in Sources */ = {isa = PBXBuildFile; fileRef = 32631F83235F096C0089A895 /* AppDelegate.swift */; };
		32631F86235F096C0089A895 /* SceneDelegate.swift in Sources */ = {isa = PBXBuildFile; fileRef = 32631F85235F096C0089A895 /* SceneDelegate.swift */; };
		32631F8D235F096F0089A895 /* Assets.xcassets in Resources */ = {isa = PBXBuildFile; fileRef = 32631F8C235F096F0089A895 /* Assets.xcassets */; };
		32631F90235F096F0089A895 /* LaunchScreen.storyboard in Resources */ = {isa = PBXBuildFile; fileRef = 32631F8E235F096F0089A895 /* LaunchScreen.storyboard */; };
		32631F9B235F096F0089A895 /* UnshiftTests.swift in Sources */ = {isa = PBXBuildFile; fileRef = 32631F9A235F096F0089A895 /* UnshiftTests.swift */; };
		32631FA6235F09700089A895 /* UnshiftUITests.swift in Sources */ = {isa = PBXBuildFile; fileRef = 32631FA5235F09700089A895 /* UnshiftUITests.swift */; };
		32631FB6235F0CAC0089A895 /* Model.xcdatamodeld in Sources */ = {isa = PBXBuildFile; fileRef = 32631FB4235F0CAC0089A895 /* Model.xcdatamodeld */; };
		32631FB8235F0D7B0089A895 /* Storage.swift in Sources */ = {isa = PBXBuildFile; fileRef = 32631FB7235F0D7B0089A895 /* Storage.swift */; };
		32631FBA235F0F490089A895 /* Model.swift in Sources */ = {isa = PBXBuildFile; fileRef = 32631FB9235F0F490089A895 /* Model.swift */; };
		32631FBE236031260089A895 /* AppDependencyResolver.swift in Sources */ = {isa = PBXBuildFile; fileRef = 32631FBD236031260089A895 /* AppDependencyResolver.swift */; };
		32631FC0236087740089A895 /* Forecast.swift in Sources */ = {isa = PBXBuildFile; fileRef = 32631FBF236087740089A895 /* Forecast.swift */; };
		32631FC52360DF720089A895 /* ManagedForecast.swift in Sources */ = {isa = PBXBuildFile; fileRef = 32631FC42360DF720089A895 /* ManagedForecast.swift */; };
		32631FC72360DF950089A895 /* PlainForecast.swift in Sources */ = {isa = PBXBuildFile; fileRef = 32631FC62360DF950089A895 /* PlainForecast.swift */; };
		6944EAFACCDBFE19E63E91CE /* Pods_Unshift.framework in Frameworks */ = {isa = PBXBuildFile; fileRef = 2A6C5EA451A4D4A0C57F1A16 /* Pods_Unshift.framework */; };
		807344482AD6A795EFC2DE90 /* Pods_Unshift_UnshiftUITests.framework in Frameworks */ = {isa = PBXBuildFile; fileRef = 1F86D3928D7D040ED24301E2 /* Pods_Unshift_UnshiftUITests.framework */; };
		985C5D1C2B17D71516809E1A /* Pods_UnshiftTests.framework in Frameworks */ = {isa = PBXBuildFile; fileRef = F7838D8EF559B0844F91248D /* Pods_UnshiftTests.framework */; };
/* End PBXBuildFile section */

/* Begin PBXContainerItemProxy section */
		32631F97235F096F0089A895 /* PBXContainerItemProxy */ = {
			isa = PBXContainerItemProxy;
			containerPortal = 32631F78235F096C0089A895 /* Project object */;
			proxyType = 1;
			remoteGlobalIDString = 32631F7F235F096C0089A895;
			remoteInfo = Unshift;
		};
		32631FA2235F09700089A895 /* PBXContainerItemProxy */ = {
			isa = PBXContainerItemProxy;
			containerPortal = 32631F78235F096C0089A895 /* Project object */;
			proxyType = 1;
			remoteGlobalIDString = 32631F7F235F096C0089A895;
			remoteInfo = Unshift;
		};
/* End PBXContainerItemProxy section */

/* Begin PBXFileReference section */
		1F86D3928D7D040ED24301E2 /* Pods_Unshift_UnshiftUITests.framework */ = {isa = PBXFileReference; explicitFileType = wrapper.framework; includeInIndex = 0; path = Pods_Unshift_UnshiftUITests.framework; sourceTree = BUILT_PRODUCTS_DIR; };
		2846C07223F567FD00FCDD43 /* UIView+Extensions.swift */ = {isa = PBXFileReference; lastKnownFileType = sourcecode.swift; path = "UIView+Extensions.swift"; sourceTree = "<group>"; };
		28545A312418E3D4000A0B87 /* Disposable+DisposeWith.swift */ = {isa = PBXFileReference; lastKnownFileType = sourcecode.swift; path = "Disposable+DisposeWith.swift"; sourceTree = "<group>"; };
		286E4E292361D8F400401C99 /* ForecastsService.swift */ = {isa = PBXFileReference; lastKnownFileType = sourcecode.swift; path = ForecastsService.swift; sourceTree = "<group>"; };
		286E4E2E2362F45400401C99 /* ManagedObjectType.swift */ = {isa = PBXFileReference; lastKnownFileType = sourcecode.swift; path = ManagedObjectType.swift; sourceTree = "<group>"; };
		286E4E302362FAC800401C99 /* NSManagedObjectContext+Utils.swift */ = {isa = PBXFileReference; lastKnownFileType = sourcecode.swift; path = "NSManagedObjectContext+Utils.swift"; sourceTree = "<group>"; };
		286E4E3A23634BE600401C99 /* DemoViewController.swift */ = {isa = PBXFileReference; lastKnownFileType = sourcecode.swift; path = DemoViewController.swift; sourceTree = "<group>"; };
		286E4E462367246B00401C99 /* CanvasPreview.swift */ = {isa = PBXFileReference; lastKnownFileType = sourcecode.swift; path = CanvasPreview.swift; sourceTree = "<group>"; };
		286E4E4823672B3D00401C99 /* NSObject+LifetimeAttachments.swift */ = {isa = PBXFileReference; lastKnownFileType = sourcecode.swift; path = "NSObject+LifetimeAttachments.swift"; sourceTree = "<group>"; };
		286E4E4C2368275D00401C99 /* DemoPresenter.swift */ = {isa = PBXFileReference; lastKnownFileType = sourcecode.swift; path = DemoPresenter.swift; sourceTree = "<group>"; };
		286E4E562369855900401C99 /* DemoScreen.swift */ = {isa = PBXFileReference; lastKnownFileType = sourcecode.swift; path = DemoScreen.swift; sourceTree = "<group>"; };
		28B87FFB236B17C100C9A440 /* ForecastPreview.swift */ = {isa = PBXFileReference; lastKnownFileType = sourcecode.swift; path = ForecastPreview.swift; sourceTree = "<group>"; };
		28B87FFF236B32DD00C9A440 /* DateService.swift */ = {isa = PBXFileReference; lastKnownFileType = sourcecode.swift; path = DateService.swift; sourceTree = "<group>"; };
		28B88001236C5C5B00C9A440 /* ForecastVerificationService.swift */ = {isa = PBXFileReference; lastKnownFileType = sourcecode.swift; path = ForecastVerificationService.swift; sourceTree = "<group>"; };
		2A6C5EA451A4D4A0C57F1A16 /* Pods_Unshift.framework */ = {isa = PBXFileReference; explicitFileType = wrapper.framework; includeInIndex = 0; path = Pods_Unshift.framework; sourceTree = BUILT_PRODUCTS_DIR; };
		32631F80235F096C0089A895 /* Unshift.app */ = {isa = PBXFileReference; explicitFileType = wrapper.application; includeInIndex = 0; path = Unshift.app; sourceTree = BUILT_PRODUCTS_DIR; };
		32631F83235F096C0089A895 /* AppDelegate.swift */ = {isa = PBXFileReference; lastKnownFileType = sourcecode.swift; path = AppDelegate.swift; sourceTree = "<group>"; };
		32631F85235F096C0089A895 /* SceneDelegate.swift */ = {isa = PBXFileReference; lastKnownFileType = sourcecode.swift; path = SceneDelegate.swift; sourceTree = "<group>"; };
		32631F8C235F096F0089A895 /* Assets.xcassets */ = {isa = PBXFileReference; lastKnownFileType = folder.assetcatalog; path = Assets.xcassets; sourceTree = "<group>"; };
		32631F8F235F096F0089A895 /* Base */ = {isa = PBXFileReference; lastKnownFileType = file.storyboard; name = Base; path = Base.lproj/LaunchScreen.storyboard; sourceTree = "<group>"; };
		32631F91235F096F0089A895 /* Info.plist */ = {isa = PBXFileReference; lastKnownFileType = text.plist.xml; path = Info.plist; sourceTree = "<group>"; };
		32631F96235F096F0089A895 /* UnshiftTests.xctest */ = {isa = PBXFileReference; explicitFileType = wrapper.cfbundle; includeInIndex = 0; path = UnshiftTests.xctest; sourceTree = BUILT_PRODUCTS_DIR; };
		32631F9A235F096F0089A895 /* UnshiftTests.swift */ = {isa = PBXFileReference; lastKnownFileType = sourcecode.swift; path = UnshiftTests.swift; sourceTree = "<group>"; };
		32631F9C235F096F0089A895 /* Info.plist */ = {isa = PBXFileReference; lastKnownFileType = text.plist.xml; path = Info.plist; sourceTree = "<group>"; };
		32631FA1235F09700089A895 /* UnshiftUITests.xctest */ = {isa = PBXFileReference; explicitFileType = wrapper.cfbundle; includeInIndex = 0; path = UnshiftUITests.xctest; sourceTree = BUILT_PRODUCTS_DIR; };
		32631FA5235F09700089A895 /* UnshiftUITests.swift */ = {isa = PBXFileReference; lastKnownFileType = sourcecode.swift; path = UnshiftUITests.swift; sourceTree = "<group>"; };
		32631FA7235F09700089A895 /* Info.plist */ = {isa = PBXFileReference; lastKnownFileType = text.plist.xml; path = Info.plist; sourceTree = "<group>"; };
		32631FB5235F0CAC0089A895 /* Model.xcdatamodel */ = {isa = PBXFileReference; lastKnownFileType = wrapper.xcdatamodel; path = Model.xcdatamodel; sourceTree = "<group>"; };
		32631FB7235F0D7B0089A895 /* Storage.swift */ = {isa = PBXFileReference; lastKnownFileType = sourcecode.swift; path = Storage.swift; sourceTree = "<group>"; };
		32631FB9235F0F490089A895 /* Model.swift */ = {isa = PBXFileReference; lastKnownFileType = sourcecode.swift; path = Model.swift; sourceTree = "<group>"; };
		32631FBD236031260089A895 /* AppDependencyResolver.swift */ = {isa = PBXFileReference; lastKnownFileType = sourcecode.swift; path = AppDependencyResolver.swift; sourceTree = "<group>"; };
		32631FBF236087740089A895 /* Forecast.swift */ = {isa = PBXFileReference; lastKnownFileType = sourcecode.swift; path = Forecast.swift; sourceTree = "<group>"; };
		32631FC42360DF720089A895 /* ManagedForecast.swift */ = {isa = PBXFileReference; lastKnownFileType = sourcecode.swift; path = ManagedForecast.swift; sourceTree = "<group>"; };
		32631FC62360DF950089A895 /* PlainForecast.swift */ = {isa = PBXFileReference; lastKnownFileType = sourcecode.swift; path = PlainForecast.swift; sourceTree = "<group>"; };
		3CB4FA7FE7CC1CA85FDA5230 /* Pods-Unshift-UnshiftUITests.release.xcconfig */ = {isa = PBXFileReference; includeInIndex = 1; lastKnownFileType = text.xcconfig; name = "Pods-Unshift-UnshiftUITests.release.xcconfig"; path = "Target Support Files/Pods-Unshift-UnshiftUITests/Pods-Unshift-UnshiftUITests.release.xcconfig"; sourceTree = "<group>"; };
		8747FD4DB748154218FA02B8 /* Pods-Unshift-UnshiftUITests.debug.xcconfig */ = {isa = PBXFileReference; includeInIndex = 1; lastKnownFileType = text.xcconfig; name = "Pods-Unshift-UnshiftUITests.debug.xcconfig"; path = "Target Support Files/Pods-Unshift-UnshiftUITests/Pods-Unshift-UnshiftUITests.debug.xcconfig"; sourceTree = "<group>"; };
		A8F74F2D3FF8246C1A1E6041 /* Pods-UnshiftTests.release.xcconfig */ = {isa = PBXFileReference; includeInIndex = 1; lastKnownFileType = text.xcconfig; name = "Pods-UnshiftTests.release.xcconfig"; path = "Target Support Files/Pods-UnshiftTests/Pods-UnshiftTests.release.xcconfig"; sourceTree = "<group>"; };
		B19E968271654E90200FADD3 /* Pods-Unshift.release.xcconfig */ = {isa = PBXFileReference; includeInIndex = 1; lastKnownFileType = text.xcconfig; name = "Pods-Unshift.release.xcconfig"; path = "Target Support Files/Pods-Unshift/Pods-Unshift.release.xcconfig"; sourceTree = "<group>"; };
		DA9227BEC401216A7B1E4AB8 /* Pods-Unshift.debug.xcconfig */ = {isa = PBXFileReference; includeInIndex = 1; lastKnownFileType = text.xcconfig; name = "Pods-Unshift.debug.xcconfig"; path = "Target Support Files/Pods-Unshift/Pods-Unshift.debug.xcconfig"; sourceTree = "<group>"; };
		F270AFAB8ED3A4487B2C6232 /* Pods-UnshiftTests.debug.xcconfig */ = {isa = PBXFileReference; includeInIndex = 1; lastKnownFileType = text.xcconfig; name = "Pods-UnshiftTests.debug.xcconfig"; path = "Target Support Files/Pods-UnshiftTests/Pods-UnshiftTests.debug.xcconfig"; sourceTree = "<group>"; };
		F7838D8EF559B0844F91248D /* Pods_UnshiftTests.framework */ = {isa = PBXFileReference; explicitFileType = wrapper.framework; includeInIndex = 0; path = Pods_UnshiftTests.framework; sourceTree = BUILT_PRODUCTS_DIR; };
/* End PBXFileReference section */

/* Begin PBXFrameworksBuildPhase section */
		32631F7D235F096C0089A895 /* Frameworks */ = {
			isa = PBXFrameworksBuildPhase;
			buildActionMask = 2147483647;
			files = (
				6944EAFACCDBFE19E63E91CE /* Pods_Unshift.framework in Frameworks */,
			);
			runOnlyForDeploymentPostprocessing = 0;
		};
		32631F93235F096F0089A895 /* Frameworks */ = {
			isa = PBXFrameworksBuildPhase;
			buildActionMask = 2147483647;
			files = (
				985C5D1C2B17D71516809E1A /* Pods_UnshiftTests.framework in Frameworks */,
			);
			runOnlyForDeploymentPostprocessing = 0;
		};
		32631F9E235F09700089A895 /* Frameworks */ = {
			isa = PBXFrameworksBuildPhase;
			buildActionMask = 2147483647;
			files = (
				807344482AD6A795EFC2DE90 /* Pods_Unshift_UnshiftUITests.framework in Frameworks */,
			);
			runOnlyForDeploymentPostprocessing = 0;
		};
/* End PBXFrameworksBuildPhase section */

/* Begin PBXGroup section */
		286E4E282361D8DD00401C99 /* Services */ = {
			isa = PBXGroup;
			children = (
				286E4E292361D8F400401C99 /* ForecastsService.swift */,
				28B87FFF236B32DD00C9A440 /* DateService.swift */,
				28B88001236C5C5B00C9A440 /* ForecastVerificationService.swift */,
			);
			path = Services;
			sourceTree = "<group>";
		};
		286E4E2B2362F40E00401C99 /* Utils */ = {
			isa = PBXGroup;
			children = (
				286E4E2E2362F45400401C99 /* ManagedObjectType.swift */,
				286E4E302362FAC800401C99 /* NSManagedObjectContext+Utils.swift */,
				286E4E462367246B00401C99 /* CanvasPreview.swift */,
				286E4E4823672B3D00401C99 /* NSObject+LifetimeAttachments.swift */,
				2846C07223F567FD00FCDD43 /* UIView+Extensions.swift */,
				28545A312418E3D4000A0B87 /* Disposable+DisposeWith.swift */,
			);
			path = Utils;
			sourceTree = "<group>";
		};
		286E4E3623634B7900401C99 /* Presentation */ = {
			isa = PBXGroup;
			children = (
				286E4E3F23670BF000401C99 /* Screens */,
			);
			path = Presentation;
			sourceTree = "<group>";
		};
		286E4E3723634B8500401C99 /* Demo */ = {
			isa = PBXGroup;
			children = (
				286E4E562369855900401C99 /* DemoScreen.swift */,
				286E4E3A23634BE600401C99 /* DemoViewController.swift */,
				286E4E4C2368275D00401C99 /* DemoPresenter.swift */,
			);
			path = Demo;
			sourceTree = "<group>";
		};
		286E4E3F23670BF000401C99 /* Screens */ = {
			isa = PBXGroup;
			children = (
				286E4E3723634B8500401C99 /* Demo */,
			);
			path = Screens;
			sourceTree = "<group>";
		};
		32631F77235F096C0089A895 = {
			isa = PBXGroup;
			children = (
				32631F82235F096C0089A895 /* Unshift */,
				32631F99235F096F0089A895 /* UnshiftTests */,
				32631FA4235F09700089A895 /* UnshiftUITests */,
				32631F81235F096C0089A895 /* Products */,
				D64A3F5F9CFC778ED19F9B4C /* Pods */,
				E52A877C98BB0B3949A98E7E /* Frameworks */,
			);
			sourceTree = "<group>";
		};
		32631F81235F096C0089A895 /* Products */ = {
			isa = PBXGroup;
			children = (
				32631F80235F096C0089A895 /* Unshift.app */,
				32631F96235F096F0089A895 /* UnshiftTests.xctest */,
				32631FA1235F09700089A895 /* UnshiftUITests.xctest */,
			);
			name = Products;
			sourceTree = "<group>";
		};
		32631F82235F096C0089A895 /* Unshift */ = {
			isa = PBXGroup;
			children = (
				32631F83235F096C0089A895 /* AppDelegate.swift */,
				32631F85235F096C0089A895 /* SceneDelegate.swift */,
				32631FBD236031260089A895 /* AppDependencyResolver.swift */,
				286E4E2B2362F40E00401C99 /* Utils */,
				32631FB3235F0B460089A895 /* Model */,
				286E4E282361D8DD00401C99 /* Services */,
				286E4E3623634B7900401C99 /* Presentation */,
				32631F8C235F096F0089A895 /* Assets.xcassets */,
				32631F8E235F096F0089A895 /* LaunchScreen.storyboard */,
				32631F91235F096F0089A895 /* Info.plist */,
			);
			path = Unshift;
			sourceTree = "<group>";
		};
		32631F99235F096F0089A895 /* UnshiftTests */ = {
			isa = PBXGroup;
			children = (
				32631F9A235F096F0089A895 /* UnshiftTests.swift */,
				32631F9C235F096F0089A895 /* Info.plist */,
			);
			path = UnshiftTests;
			sourceTree = "<group>";
		};
		32631FA4235F09700089A895 /* UnshiftUITests */ = {
			isa = PBXGroup;
			children = (
				32631FA5235F09700089A895 /* UnshiftUITests.swift */,
				32631FA7235F09700089A895 /* Info.plist */,
			);
			path = UnshiftUITests;
			sourceTree = "<group>";
		};
		32631FB3235F0B460089A895 /* Model */ = {
			isa = PBXGroup;
			children = (
				32631FB4235F0CAC0089A895 /* Model.xcdatamodeld */,
				32631FB9235F0F490089A895 /* Model.swift */,
				32631FB7235F0D7B0089A895 /* Storage.swift */,
				32631FC32360DF5D0089A895 /* Forecast */,
			);
			path = Model;
			sourceTree = "<group>";
		};
		32631FC32360DF5D0089A895 /* Forecast */ = {
			isa = PBXGroup;
			children = (
				32631FBF236087740089A895 /* Forecast.swift */,
				32631FC42360DF720089A895 /* ManagedForecast.swift */,
				32631FC62360DF950089A895 /* PlainForecast.swift */,
				28B87FFB236B17C100C9A440 /* ForecastPreview.swift */,
			);
			path = Forecast;
			sourceTree = "<group>";
		};
		D64A3F5F9CFC778ED19F9B4C /* Pods */ = {
			isa = PBXGroup;
			children = (
				DA9227BEC401216A7B1E4AB8 /* Pods-Unshift.debug.xcconfig */,
				B19E968271654E90200FADD3 /* Pods-Unshift.release.xcconfig */,
				8747FD4DB748154218FA02B8 /* Pods-Unshift-UnshiftUITests.debug.xcconfig */,
				3CB4FA7FE7CC1CA85FDA5230 /* Pods-Unshift-UnshiftUITests.release.xcconfig */,
				F270AFAB8ED3A4487B2C6232 /* Pods-UnshiftTests.debug.xcconfig */,
				A8F74F2D3FF8246C1A1E6041 /* Pods-UnshiftTests.release.xcconfig */,
			);
			path = Pods;
			sourceTree = "<group>";
		};
		E52A877C98BB0B3949A98E7E /* Frameworks */ = {
			isa = PBXGroup;
			children = (
				2A6C5EA451A4D4A0C57F1A16 /* Pods_Unshift.framework */,
				1F86D3928D7D040ED24301E2 /* Pods_Unshift_UnshiftUITests.framework */,
				F7838D8EF559B0844F91248D /* Pods_UnshiftTests.framework */,
			);
			name = Frameworks;
			sourceTree = "<group>";
		};
/* End PBXGroup section */

/* Begin PBXNativeTarget section */
		32631F7F235F096C0089A895 /* Unshift */ = {
			isa = PBXNativeTarget;
			buildConfigurationList = 32631FAA235F09700089A895 /* Build configuration list for PBXNativeTarget "Unshift" */;
			buildPhases = (
				D47599BD73ACBEB4B66C6853 /* [CP] Check Pods Manifest.lock */,
				32631F7C235F096C0089A895 /* Sources */,
				32631F7D235F096C0089A895 /* Frameworks */,
				32631F7E235F096C0089A895 /* Resources */,
				4E5AC45C4E493F16E9E8128B /* [CP] Embed Pods Frameworks */,
			);
			buildRules = (
			);
			dependencies = (
			);
			name = Unshift;
			productName = Unshift;
			productReference = 32631F80235F096C0089A895 /* Unshift.app */;
			productType = "com.apple.product-type.application";
		};
		32631F95235F096F0089A895 /* UnshiftTests */ = {
			isa = PBXNativeTarget;
			buildConfigurationList = 32631FAD235F09700089A895 /* Build configuration list for PBXNativeTarget "UnshiftTests" */;
			buildPhases = (
				4FEFEADECB6189B9EA92D879 /* [CP] Check Pods Manifest.lock */,
				32631F92235F096F0089A895 /* Sources */,
				32631F93235F096F0089A895 /* Frameworks */,
				32631F94235F096F0089A895 /* Resources */,
			);
			buildRules = (
			);
			dependencies = (
				32631F98235F096F0089A895 /* PBXTargetDependency */,
			);
			name = UnshiftTests;
			productName = UnshiftTests;
			productReference = 32631F96235F096F0089A895 /* UnshiftTests.xctest */;
			productType = "com.apple.product-type.bundle.unit-test";
		};
		32631FA0235F09700089A895 /* UnshiftUITests */ = {
			isa = PBXNativeTarget;
			buildConfigurationList = 32631FB0235F09700089A895 /* Build configuration list for PBXNativeTarget "UnshiftUITests" */;
			buildPhases = (
				2883FD7CABDEAE8DA17E3A11 /* [CP] Check Pods Manifest.lock */,
				32631F9D235F09700089A895 /* Sources */,
				32631F9E235F09700089A895 /* Frameworks */,
				32631F9F235F09700089A895 /* Resources */,
				6E0C87F6AA7DE93CB5385046 /* [CP] Embed Pods Frameworks */,
			);
			buildRules = (
			);
			dependencies = (
				32631FA3235F09700089A895 /* PBXTargetDependency */,
			);
			name = UnshiftUITests;
			productName = UnshiftUITests;
			productReference = 32631FA1235F09700089A895 /* UnshiftUITests.xctest */;
			productType = "com.apple.product-type.bundle.ui-testing";
		};
/* End PBXNativeTarget section */

/* Begin PBXProject section */
		32631F78235F096C0089A895 /* Project object */ = {
			isa = PBXProject;
			attributes = {
				LastSwiftUpdateCheck = 1100;
				LastUpgradeCheck = 1100;
				ORGANIZATIONNAME = "Dmitrii Trofimov";
				TargetAttributes = {
					32631F7F235F096C0089A895 = {
						CreatedOnToolsVersion = 11.0;
					};
					32631F95235F096F0089A895 = {
						CreatedOnToolsVersion = 11.0;
						TestTargetID = 32631F7F235F096C0089A895;
					};
					32631FA0235F09700089A895 = {
						CreatedOnToolsVersion = 11.0;
						TestTargetID = 32631F7F235F096C0089A895;
					};
				};
			};
			buildConfigurationList = 32631F7B235F096C0089A895 /* Build configuration list for PBXProject "Unshift" */;
			compatibilityVersion = "Xcode 9.3";
			developmentRegion = en;
			hasScannedForEncodings = 0;
			knownRegions = (
				en,
				Base,
			);
			mainGroup = 32631F77235F096C0089A895;
			productRefGroup = 32631F81235F096C0089A895 /* Products */;
			projectDirPath = "";
			projectRoot = "";
			targets = (
				32631F7F235F096C0089A895 /* Unshift */,
				32631F95235F096F0089A895 /* UnshiftTests */,
				32631FA0235F09700089A895 /* UnshiftUITests */,
			);
		};
/* End PBXProject section */

/* Begin PBXResourcesBuildPhase section */
		32631F7E235F096C0089A895 /* Resources */ = {
			isa = PBXResourcesBuildPhase;
			buildActionMask = 2147483647;
			files = (
				32631F90235F096F0089A895 /* LaunchScreen.storyboard in Resources */,
				32631F8D235F096F0089A895 /* Assets.xcassets in Resources */,
			);
			runOnlyForDeploymentPostprocessing = 0;
		};
		32631F94235F096F0089A895 /* Resources */ = {
			isa = PBXResourcesBuildPhase;
			buildActionMask = 2147483647;
			files = (
			);
			runOnlyForDeploymentPostprocessing = 0;
		};
		32631F9F235F09700089A895 /* Resources */ = {
			isa = PBXResourcesBuildPhase;
			buildActionMask = 2147483647;
			files = (
			);
			runOnlyForDeploymentPostprocessing = 0;
		};
/* End PBXResourcesBuildPhase section */

/* Begin PBXShellScriptBuildPhase section */
		2883FD7CABDEAE8DA17E3A11 /* [CP] Check Pods Manifest.lock */ = {
			isa = PBXShellScriptBuildPhase;
			buildActionMask = 2147483647;
			files = (
			);
			inputFileListPaths = (
			);
			inputPaths = (
				"${PODS_PODFILE_DIR_PATH}/Podfile.lock",
				"${PODS_ROOT}/Manifest.lock",
			);
			name = "[CP] Check Pods Manifest.lock";
			outputFileListPaths = (
			);
			outputPaths = (
				"$(DERIVED_FILE_DIR)/Pods-Unshift-UnshiftUITests-checkManifestLockResult.txt",
			);
			runOnlyForDeploymentPostprocessing = 0;
			shellPath = /bin/sh;
			shellScript = "diff \"${PODS_PODFILE_DIR_PATH}/Podfile.lock\" \"${PODS_ROOT}/Manifest.lock\" > /dev/null\nif [ $? != 0 ] ; then\n    # print error to STDERR\n    echo \"error: The sandbox is not in sync with the Podfile.lock. Run 'pod install' or update your CocoaPods installation.\" >&2\n    exit 1\nfi\n# This output is used by Xcode 'outputs' to avoid re-running this script phase.\necho \"SUCCESS\" > \"${SCRIPT_OUTPUT_FILE_0}\"\n";
			showEnvVarsInLog = 0;
		};
		4E5AC45C4E493F16E9E8128B /* [CP] Embed Pods Frameworks */ = {
			isa = PBXShellScriptBuildPhase;
			buildActionMask = 2147483647;
			files = (
			);
			inputFileListPaths = (
				"${PODS_ROOT}/Target Support Files/Pods-Unshift/Pods-Unshift-frameworks-${CONFIGURATION}-input-files.xcfilelist",
			);
			name = "[CP] Embed Pods Frameworks";
			outputFileListPaths = (
				"${PODS_ROOT}/Target Support Files/Pods-Unshift/Pods-Unshift-frameworks-${CONFIGURATION}-output-files.xcfilelist",
			);
			runOnlyForDeploymentPostprocessing = 0;
			shellPath = /bin/sh;
			shellScript = "\"${PODS_ROOT}/Target Support Files/Pods-Unshift/Pods-Unshift-frameworks.sh\"\n";
			showEnvVarsInLog = 0;
		};
		4FEFEADECB6189B9EA92D879 /* [CP] Check Pods Manifest.lock */ = {
			isa = PBXShellScriptBuildPhase;
			buildActionMask = 2147483647;
			files = (
			);
			inputFileListPaths = (
			);
			inputPaths = (
				"${PODS_PODFILE_DIR_PATH}/Podfile.lock",
				"${PODS_ROOT}/Manifest.lock",
			);
			name = "[CP] Check Pods Manifest.lock";
			outputFileListPaths = (
			);
			outputPaths = (
				"$(DERIVED_FILE_DIR)/Pods-UnshiftTests-checkManifestLockResult.txt",
			);
			runOnlyForDeploymentPostprocessing = 0;
			shellPath = /bin/sh;
			shellScript = "diff \"${PODS_PODFILE_DIR_PATH}/Podfile.lock\" \"${PODS_ROOT}/Manifest.lock\" > /dev/null\nif [ $? != 0 ] ; then\n    # print error to STDERR\n    echo \"error: The sandbox is not in sync with the Podfile.lock. Run 'pod install' or update your CocoaPods installation.\" >&2\n    exit 1\nfi\n# This output is used by Xcode 'outputs' to avoid re-running this script phase.\necho \"SUCCESS\" > \"${SCRIPT_OUTPUT_FILE_0}\"\n";
			showEnvVarsInLog = 0;
		};
		6E0C87F6AA7DE93CB5385046 /* [CP] Embed Pods Frameworks */ = {
			isa = PBXShellScriptBuildPhase;
			buildActionMask = 2147483647;
			files = (
			);
			inputFileListPaths = (
				"${PODS_ROOT}/Target Support Files/Pods-Unshift-UnshiftUITests/Pods-Unshift-UnshiftUITests-frameworks-${CONFIGURATION}-input-files.xcfilelist",
			);
			name = "[CP] Embed Pods Frameworks";
			outputFileListPaths = (
				"${PODS_ROOT}/Target Support Files/Pods-Unshift-UnshiftUITests/Pods-Unshift-UnshiftUITests-frameworks-${CONFIGURATION}-output-files.xcfilelist",
			);
			runOnlyForDeploymentPostprocessing = 0;
			shellPath = /bin/sh;
			shellScript = "\"${PODS_ROOT}/Target Support Files/Pods-Unshift-UnshiftUITests/Pods-Unshift-UnshiftUITests-frameworks.sh\"\n";
			showEnvVarsInLog = 0;
		};
		D47599BD73ACBEB4B66C6853 /* [CP] Check Pods Manifest.lock */ = {
			isa = PBXShellScriptBuildPhase;
			buildActionMask = 2147483647;
			files = (
			);
			inputFileListPaths = (
			);
			inputPaths = (
				"${PODS_PODFILE_DIR_PATH}/Podfile.lock",
				"${PODS_ROOT}/Manifest.lock",
			);
			name = "[CP] Check Pods Manifest.lock";
			outputFileListPaths = (
			);
			outputPaths = (
				"$(DERIVED_FILE_DIR)/Pods-Unshift-checkManifestLockResult.txt",
			);
			runOnlyForDeploymentPostprocessing = 0;
			shellPath = /bin/sh;
			shellScript = "diff \"${PODS_PODFILE_DIR_PATH}/Podfile.lock\" \"${PODS_ROOT}/Manifest.lock\" > /dev/null\nif [ $? != 0 ] ; then\n    # print error to STDERR\n    echo \"error: The sandbox is not in sync with the Podfile.lock. Run 'pod install' or update your CocoaPods installation.\" >&2\n    exit 1\nfi\n# This output is used by Xcode 'outputs' to avoid re-running this script phase.\necho \"SUCCESS\" > \"${SCRIPT_OUTPUT_FILE_0}\"\n";
			showEnvVarsInLog = 0;
		};
/* End PBXShellScriptBuildPhase section */

/* Begin PBXSourcesBuildPhase section */
		32631F7C235F096C0089A895 /* Sources */ = {
			isa = PBXSourcesBuildPhase;
			buildActionMask = 2147483647;
			files = (
				286E4E4D2368275D00401C99 /* DemoPresenter.swift in Sources */,
				286E4E2A2361D8F400401C99 /* ForecastsService.swift in Sources */,
				286E4E472367246B00401C99 /* CanvasPreview.swift in Sources */,
				32631FC72360DF950089A895 /* PlainForecast.swift in Sources */,
				286E4E4923672B3D00401C99 /* NSObject+LifetimeAttachments.swift in Sources */,
				2846C07323F567FD00FCDD43 /* UIView+Extensions.swift in Sources */,
				32631FB8235F0D7B0089A895 /* Storage.swift in Sources */,
				28B88002236C5C5B00C9A440 /* ForecastVerificationService.swift in Sources */,
				286E4E312362FAC800401C99 /* NSManagedObjectContext+Utils.swift in Sources */,
				32631F84235F096C0089A895 /* AppDelegate.swift in Sources */,
				32631FC0236087740089A895 /* Forecast.swift in Sources */,
				286E4E3B23634BE600401C99 /* DemoViewController.swift in Sources */,
				286E4E572369855900401C99 /* DemoScreen.swift in Sources */,
				28B87FFC236B17C100C9A440 /* ForecastPreview.swift in Sources */,
				28B88000236B32DD00C9A440 /* DateService.swift in Sources */,
				32631FBA235F0F490089A895 /* Model.swift in Sources */,
				32631FC52360DF720089A895 /* ManagedForecast.swift in Sources */,
				286E4E2F2362F45400401C99 /* ManagedObjectType.swift in Sources */,
				32631F86235F096C0089A895 /* SceneDelegate.swift in Sources */,
				28545A322418E3D4000A0B87 /* Disposable+DisposeWith.swift in Sources */,
				32631FBE236031260089A895 /* AppDependencyResolver.swift in Sources */,
				32631FB6235F0CAC0089A895 /* Model.xcdatamodeld in Sources */,
			);
			runOnlyForDeploymentPostprocessing = 0;
		};
		32631F92235F096F0089A895 /* Sources */ = {
			isa = PBXSourcesBuildPhase;
			buildActionMask = 2147483647;
			files = (
				32631F9B235F096F0089A895 /* UnshiftTests.swift in Sources */,
			);
			runOnlyForDeploymentPostprocessing = 0;
		};
		32631F9D235F09700089A895 /* Sources */ = {
			isa = PBXSourcesBuildPhase;
			buildActionMask = 2147483647;
			files = (
				32631FA6235F09700089A895 /* UnshiftUITests.swift in Sources */,
			);
			runOnlyForDeploymentPostprocessing = 0;
		};
/* End PBXSourcesBuildPhase section */

/* Begin PBXTargetDependency section */
		32631F98235F096F0089A895 /* PBXTargetDependency */ = {
			isa = PBXTargetDependency;
			target = 32631F7F235F096C0089A895 /* Unshift */;
			targetProxy = 32631F97235F096F0089A895 /* PBXContainerItemProxy */;
		};
		32631FA3235F09700089A895 /* PBXTargetDependency */ = {
			isa = PBXTargetDependency;
			target = 32631F7F235F096C0089A895 /* Unshift */;
			targetProxy = 32631FA2235F09700089A895 /* PBXContainerItemProxy */;
		};
/* End PBXTargetDependency section */

/* Begin PBXVariantGroup section */
		32631F8E235F096F0089A895 /* LaunchScreen.storyboard */ = {
			isa = PBXVariantGroup;
			children = (
				32631F8F235F096F0089A895 /* Base */,
			);
			name = LaunchScreen.storyboard;
			sourceTree = "<group>";
		};
/* End PBXVariantGroup section */

/* Begin XCBuildConfiguration section */
		32631FA8235F09700089A895 /* Debug */ = {
			isa = XCBuildConfiguration;
			buildSettings = {
				ALWAYS_SEARCH_USER_PATHS = NO;
				CLANG_ANALYZER_NONNULL = YES;
				CLANG_ANALYZER_NUMBER_OBJECT_CONVERSION = YES_AGGRESSIVE;
				CLANG_CXX_LANGUAGE_STANDARD = "gnu++14";
				CLANG_CXX_LIBRARY = "libc++";
				CLANG_ENABLE_MODULES = YES;
				CLANG_ENABLE_OBJC_ARC = YES;
				CLANG_ENABLE_OBJC_WEAK = YES;
				CLANG_WARN_BLOCK_CAPTURE_AUTORELEASING = YES;
				CLANG_WARN_BOOL_CONVERSION = YES;
				CLANG_WARN_COMMA = YES;
				CLANG_WARN_CONSTANT_CONVERSION = YES;
				CLANG_WARN_DEPRECATED_OBJC_IMPLEMENTATIONS = YES;
				CLANG_WARN_DIRECT_OBJC_ISA_USAGE = YES_ERROR;
				CLANG_WARN_DOCUMENTATION_COMMENTS = YES;
				CLANG_WARN_EMPTY_BODY = YES;
				CLANG_WARN_ENUM_CONVERSION = YES;
				CLANG_WARN_INFINITE_RECURSION = YES;
				CLANG_WARN_INT_CONVERSION = YES;
				CLANG_WARN_NON_LITERAL_NULL_CONVERSION = YES;
				CLANG_WARN_OBJC_IMPLICIT_RETAIN_SELF = YES;
				CLANG_WARN_OBJC_LITERAL_CONVERSION = YES;
				CLANG_WARN_OBJC_ROOT_CLASS = YES_ERROR;
				CLANG_WARN_RANGE_LOOP_ANALYSIS = YES;
				CLANG_WARN_STRICT_PROTOTYPES = YES;
				CLANG_WARN_SUSPICIOUS_MOVE = YES;
				CLANG_WARN_UNGUARDED_AVAILABILITY = YES_AGGRESSIVE;
				CLANG_WARN_UNREACHABLE_CODE = YES;
				CLANG_WARN__DUPLICATE_METHOD_MATCH = YES;
				COPY_PHASE_STRIP = NO;
				DEBUG_INFORMATION_FORMAT = dwarf;
				ENABLE_STRICT_OBJC_MSGSEND = YES;
				ENABLE_TESTABILITY = YES;
				GCC_C_LANGUAGE_STANDARD = gnu11;
				GCC_DYNAMIC_NO_PIC = NO;
				GCC_NO_COMMON_BLOCKS = YES;
				GCC_OPTIMIZATION_LEVEL = 0;
				GCC_PREPROCESSOR_DEFINITIONS = (
					"DEBUG=1",
					"$(inherited)",
				);
				GCC_WARN_64_TO_32_BIT_CONVERSION = YES;
				GCC_WARN_ABOUT_RETURN_TYPE = YES_ERROR;
				GCC_WARN_UNDECLARED_SELECTOR = YES;
				GCC_WARN_UNINITIALIZED_AUTOS = YES_AGGRESSIVE;
				GCC_WARN_UNUSED_FUNCTION = YES;
				GCC_WARN_UNUSED_VARIABLE = YES;
				IPHONEOS_DEPLOYMENT_TARGET = 13.0;
				MTL_ENABLE_DEBUG_INFO = INCLUDE_SOURCE;
				MTL_FAST_MATH = YES;
				ONLY_ACTIVE_ARCH = YES;
				SDKROOT = iphoneos;
				SWIFT_ACTIVE_COMPILATION_CONDITIONS = DEBUG;
				SWIFT_OPTIMIZATION_LEVEL = "-Onone";
			};
			name = Debug;
		};
		32631FA9235F09700089A895 /* Release */ = {
			isa = XCBuildConfiguration;
			buildSettings = {
				ALWAYS_SEARCH_USER_PATHS = NO;
				CLANG_ANALYZER_NONNULL = YES;
				CLANG_ANALYZER_NUMBER_OBJECT_CONVERSION = YES_AGGRESSIVE;
				CLANG_CXX_LANGUAGE_STANDARD = "gnu++14";
				CLANG_CXX_LIBRARY = "libc++";
				CLANG_ENABLE_MODULES = YES;
				CLANG_ENABLE_OBJC_ARC = YES;
				CLANG_ENABLE_OBJC_WEAK = YES;
				CLANG_WARN_BLOCK_CAPTURE_AUTORELEASING = YES;
				CLANG_WARN_BOOL_CONVERSION = YES;
				CLANG_WARN_COMMA = YES;
				CLANG_WARN_CONSTANT_CONVERSION = YES;
				CLANG_WARN_DEPRECATED_OBJC_IMPLEMENTATIONS = YES;
				CLANG_WARN_DIRECT_OBJC_ISA_USAGE = YES_ERROR;
				CLANG_WARN_DOCUMENTATION_COMMENTS = YES;
				CLANG_WARN_EMPTY_BODY = YES;
				CLANG_WARN_ENUM_CONVERSION = YES;
				CLANG_WARN_INFINITE_RECURSION = YES;
				CLANG_WARN_INT_CONVERSION = YES;
				CLANG_WARN_NON_LITERAL_NULL_CONVERSION = YES;
				CLANG_WARN_OBJC_IMPLICIT_RETAIN_SELF = YES;
				CLANG_WARN_OBJC_LITERAL_CONVERSION = YES;
				CLANG_WARN_OBJC_ROOT_CLASS = YES_ERROR;
				CLANG_WARN_RANGE_LOOP_ANALYSIS = YES;
				CLANG_WARN_STRICT_PROTOTYPES = YES;
				CLANG_WARN_SUSPICIOUS_MOVE = YES;
				CLANG_WARN_UNGUARDED_AVAILABILITY = YES_AGGRESSIVE;
				CLANG_WARN_UNREACHABLE_CODE = YES;
				CLANG_WARN__DUPLICATE_METHOD_MATCH = YES;
				COPY_PHASE_STRIP = NO;
				DEBUG_INFORMATION_FORMAT = "dwarf-with-dsym";
				ENABLE_NS_ASSERTIONS = NO;
				ENABLE_STRICT_OBJC_MSGSEND = YES;
				GCC_C_LANGUAGE_STANDARD = gnu11;
				GCC_NO_COMMON_BLOCKS = YES;
				GCC_WARN_64_TO_32_BIT_CONVERSION = YES;
				GCC_WARN_ABOUT_RETURN_TYPE = YES_ERROR;
				GCC_WARN_UNDECLARED_SELECTOR = YES;
				GCC_WARN_UNINITIALIZED_AUTOS = YES_AGGRESSIVE;
				GCC_WARN_UNUSED_FUNCTION = YES;
				GCC_WARN_UNUSED_VARIABLE = YES;
				IPHONEOS_DEPLOYMENT_TARGET = 13.0;
				MTL_ENABLE_DEBUG_INFO = NO;
				MTL_FAST_MATH = YES;
				SDKROOT = iphoneos;
				SWIFT_COMPILATION_MODE = wholemodule;
				SWIFT_OPTIMIZATION_LEVEL = "-O";
				VALIDATE_PRODUCT = YES;
			};
			name = Release;
		};
		32631FAB235F09700089A895 /* Debug */ = {
			isa = XCBuildConfiguration;
			baseConfigurationReference = DA9227BEC401216A7B1E4AB8 /* Pods-Unshift.debug.xcconfig */;
			buildSettings = {
				ASSETCATALOG_COMPILER_APPICON_NAME = AppIcon;
				CODE_SIGN_STYLE = Automatic;
				INFOPLIST_FILE = Unshift/Info.plist;
				LD_RUNPATH_SEARCH_PATHS = (
					"$(inherited)",
					"@executable_path/Frameworks",
				);
				OTHER_SWIFT_FLAGS = "$(inherited) -D TRACE_RESOURCES";
				PRODUCT_BUNDLE_IDENTIFIER = com.dmitriitrofimov.Unshift;
				PRODUCT_NAME = "$(TARGET_NAME)";
				SWIFT_VERSION = 5.0;
				TARGETED_DEVICE_FAMILY = "1,2";
			};
			name = Debug;
		};
		32631FAC235F09700089A895 /* Release */ = {
			isa = XCBuildConfiguration;
			baseConfigurationReference = B19E968271654E90200FADD3 /* Pods-Unshift.release.xcconfig */;
			buildSettings = {
				ASSETCATALOG_COMPILER_APPICON_NAME = AppIcon;
				CODE_SIGN_STYLE = Automatic;
				INFOPLIST_FILE = Unshift/Info.plist;
				LD_RUNPATH_SEARCH_PATHS = (
					"$(inherited)",
					"@executable_path/Frameworks",
				);
				PRODUCT_BUNDLE_IDENTIFIER = com.dmitriitrofimov.Unshift;
				PRODUCT_NAME = "$(TARGET_NAME)";
				SWIFT_VERSION = 5.0;
				TARGETED_DEVICE_FAMILY = "1,2";
			};
			name = Release;
		};
		32631FAE235F09700089A895 /* Debug */ = {
			isa = XCBuildConfiguration;
			baseConfigurationReference = F270AFAB8ED3A4487B2C6232 /* Pods-UnshiftTests.debug.xcconfig */;
			buildSettings = {
				BUNDLE_LOADER = "$(TEST_HOST)";
				CODE_SIGN_STYLE = Automatic;
				INFOPLIST_FILE = UnshiftTests/Info.plist;
				IPHONEOS_DEPLOYMENT_TARGET = 13.0;
				LD_RUNPATH_SEARCH_PATHS = (
					"$(inherited)",
					"@executable_path/Frameworks",
					"@loader_path/Frameworks",
				);
				PRODUCT_BUNDLE_IDENTIFIER = com.dmitriitrofimov.UnshiftTests;
				PRODUCT_NAME = "$(TARGET_NAME)";
				SWIFT_VERSION = 5.0;
				TARGETED_DEVICE_FAMILY = "1,2";
				TEST_HOST = "$(BUILT_PRODUCTS_DIR)/Unshift.app/Unshift";
			};
			name = Debug;
		};
		32631FAF235F09700089A895 /* Release */ = {
			isa = XCBuildConfiguration;
			baseConfigurationReference = A8F74F2D3FF8246C1A1E6041 /* Pods-UnshiftTests.release.xcconfig */;
			buildSettings = {
				BUNDLE_LOADER = "$(TEST_HOST)";
				CODE_SIGN_STYLE = Automatic;
				INFOPLIST_FILE = UnshiftTests/Info.plist;
				IPHONEOS_DEPLOYMENT_TARGET = 13.0;
				LD_RUNPATH_SEARCH_PATHS = (
					"$(inherited)",
					"@executable_path/Frameworks",
					"@loader_path/Frameworks",
				);
				PRODUCT_BUNDLE_IDENTIFIER = com.dmitriitrofimov.UnshiftTests;
				PRODUCT_NAME = "$(TARGET_NAME)";
				SWIFT_VERSION = 5.0;
				TARGETED_DEVICE_FAMILY = "1,2";
				TEST_HOST = "$(BUILT_PRODUCTS_DIR)/Unshift.app/Unshift";
			};
			name = Release;
		};
		32631FB1235F09700089A895 /* Debug */ = {
			isa = XCBuildConfiguration;
			baseConfigurationReference = 8747FD4DB748154218FA02B8 /* Pods-Unshift-UnshiftUITests.debug.xcconfig */;
			buildSettings = {
				CODE_SIGN_STYLE = Automatic;
				INFOPLIST_FILE = UnshiftUITests/Info.plist;
				LD_RUNPATH_SEARCH_PATHS = (
					"$(inherited)",
					"@executable_path/Frameworks",
					"@loader_path/Frameworks",
				);
				PRODUCT_BUNDLE_IDENTIFIER = com.dmitriitrofimov.UnshiftUITests;
				PRODUCT_NAME = "$(TARGET_NAME)";
				SWIFT_VERSION = 5.0;
				TARGETED_DEVICE_FAMILY = "1,2";
				TEST_TARGET_NAME = Unshift;
			};
			name = Debug;
		};
		32631FB2235F09700089A895 /* Release */ = {
			isa = XCBuildConfiguration;
			baseConfigurationReference = 3CB4FA7FE7CC1CA85FDA5230 /* Pods-Unshift-UnshiftUITests.release.xcconfig */;
			buildSettings = {
				CODE_SIGN_STYLE = Automatic;
				INFOPLIST_FILE = UnshiftUITests/Info.plist;
				LD_RUNPATH_SEARCH_PATHS = (
					"$(inherited)",
					"@executable_path/Frameworks",
					"@loader_path/Frameworks",
				);
				PRODUCT_BUNDLE_IDENTIFIER = com.dmitriitrofimov.UnshiftUITests;
				PRODUCT_NAME = "$(TARGET_NAME)";
				SWIFT_VERSION = 5.0;
				TARGETED_DEVICE_FAMILY = "1,2";
				TEST_TARGET_NAME = Unshift;
			};
			name = Release;
		};
/* End XCBuildConfiguration section */

/* Begin XCConfigurationList section */
		32631F7B235F096C0089A895 /* Build configuration list for PBXProject "Unshift" */ = {
			isa = XCConfigurationList;
			buildConfigurations = (
				32631FA8235F09700089A895 /* Debug */,
				32631FA9235F09700089A895 /* Release */,
			);
			defaultConfigurationIsVisible = 0;
			defaultConfigurationName = Release;
		};
		32631FAA235F09700089A895 /* Build configuration list for PBXNativeTarget "Unshift" */ = {
			isa = XCConfigurationList;
			buildConfigurations = (
				32631FAB235F09700089A895 /* Debug */,
				32631FAC235F09700089A895 /* Release */,
			);
			defaultConfigurationIsVisible = 0;
			defaultConfigurationName = Release;
		};
		32631FAD235F09700089A895 /* Build configuration list for PBXNativeTarget "UnshiftTests" */ = {
			isa = XCConfigurationList;
			buildConfigurations = (
				32631FAE235F09700089A895 /* Debug */,
				32631FAF235F09700089A895 /* Release */,
			);
			defaultConfigurationIsVisible = 0;
			defaultConfigurationName = Release;
		};
		32631FB0235F09700089A895 /* Build configuration list for PBXNativeTarget "UnshiftUITests" */ = {
			isa = XCConfigurationList;
			buildConfigurations = (
				32631FB1235F09700089A895 /* Debug */,
				32631FB2235F09700089A895 /* Release */,
			);
			defaultConfigurationIsVisible = 0;
			defaultConfigurationName = Release;
		};
/* End XCConfigurationList section */

/* Begin XCVersionGroup section */
		32631FB4235F0CAC0089A895 /* Model.xcdatamodeld */ = {
			isa = XCVersionGroup;
			children = (
				32631FB5235F0CAC0089A895 /* Model.xcdatamodel */,
			);
			currentVersion = 32631FB5235F0CAC0089A895 /* Model.xcdatamodel */;
			path = Model.xcdatamodeld;
			sourceTree = "<group>";
			versionGroupType = wrapper.xcdatamodel;
		};
/* End XCVersionGroup section */
	};
	rootObject = 32631F78235F096C0089A895 /* Project object */;
}
